
Microsoft Visual Studio Solution File, Format Version 12.00
# Visual Studio 15
VisualStudioVersion = 15.0.28010.2036
MinimumVisualStudioVersion = 10.0.40219.1
Project("{FAE04EC0-301F-11D3-BF4B-00C04F79EFBC}") = "reusable_modules_sharing_server", "reusable_modules_sharing_server\reusable_modules_sharing_server.csproj", "{D072BAAE-87B3-431F-825F-3FFB7AF8C770}"
EndProject
Global
	GlobalSection(SolutionConfigurationPlatforms) = preSolution
		Debug|Any CPU = Debug|Any CPU
		Release|Any CPU = Release|Any CPU
	EndGlobalSection
	GlobalSection(ProjectConfigurationPlatforms) = postSolution
		{D072BAAE-87B3-431F-825F-3FFB7AF8C770}.Debug|Any CPU.ActiveCfg = Debug|Any CPU
		{D072BAAE-87B3-431F-825F-3FFB7AF8C770}.Debug|Any CPU.Build.0 = Debug|Any CPU
		{D072BAAE-87B3-431F-825F-3FFB7AF8C770}.Release|Any CPU.ActiveCfg = Release|Any CPU
		{D072BAAE-87B3-431F-825F-3FFB7AF8C770}.Release|Any CPU.Build.0 = Release|Any CPU
	EndGlobalSection
	GlobalSection(SolutionProperties) = preSolution
		HideSolutionNode = FALSE
	EndGlobalSection
	GlobalSection(ExtensibilityGlobals) = postSolution
		SolutionGuid = {6BBFE9CE-6705-4AD4-93FC-AE3C58C6B968}
	EndGlobalSection
EndGlobal
